
Microsoft Visual Studio Solution File, Format Version 12.00
# Visual Studio Version 17
VisualStudioVersion = 17.8.34511.84
MinimumVisualStudioVersion = 10.0.40219.1
Project("{FAE04EC0-301F-11D3-BF4B-00C04F79EFBC}") = "AssessmentTask", "AssessmentTask\AssessmentTask.csproj", "{14EDBEBC-09EE-402D-A04E-72C9FC5C373D}"
EndProject
Global
	GlobalSection(SolutionConfigurationPlatforms) = preSolution
		Debug|Any CPU = Debug|Any CPU
		Release|Any CPU = Release|Any CPU
	EndGlobalSection
	GlobalSection(ProjectConfigurationPlatforms) = postSolution
		{14EDBEBC-09EE-402D-A04E-72C9FC5C373D}.Debug|Any CPU.ActiveCfg = Debug|Any CPU
		{14EDBEBC-09EE-402D-A04E-72C9FC5C373D}.Debug|Any CPU.Build.0 = Debug|Any CPU
		{14EDBEBC-09EE-402D-A04E-72C9FC5C373D}.Release|Any CPU.ActiveCfg = Release|Any CPU
		{14EDBEBC-09EE-402D-A04E-72C9FC5C373D}.Release|Any CPU.Build.0 = Release|Any CPU
	EndGlobalSection
	GlobalSection(SolutionProperties) = preSolution
		HideSolutionNode = FALSE
	EndGlobalSection
	GlobalSection(ExtensibilityGlobals) = postSolution
		SolutionGuid = {7FCD30FB-5E22-462D-AB0C-A4B0F799DC67}
	EndGlobalSection
EndGlobal
